
Microsoft Visual Studio Solution File, Format Version 12.00
# Visual Studio Version 16
VisualStudioVersion = 16.0.31515.178
MinimumVisualStudioVersion = 10.0.40219.1
Project("{2150E333-8FDC-42A3-9474-1A3956D46DE8}") = "Services", "Services", "{681ACAC8-85BD-4539-82AE-73D54ECA3385}"
EndProject
Project("{2150E333-8FDC-42A3-9474-1A3956D46DE8}") = "Catalog", "Catalog", "{ECF46B01-03CF-454F-8E37-5A8D4F2618DF}"
EndProject
Project("{9A19103F-16F7-4668-BE54-9A1E7A4F7556}") = "Catalog.API", "Services\Catalog\Catalog.API\Catalog.API.csproj", "{B42BC733-6683-4E88-BF16-2A6426CABE16}"
EndProject
Project("{E53339B2-1760-4266-BCC7-CA923CBCF16C}") = "docker-compose", "docker-compose.dcproj", "{53290C44-A740-4767-9B63-19C92A723C52}"
EndProject
Global
	GlobalSection(SolutionConfigurationPlatforms) = preSolution
		Debug|Any CPU = Debug|Any CPU
		Release|Any CPU = Release|Any CPU
	EndGlobalSection
	GlobalSection(ProjectConfigurationPlatforms) = postSolution
		{B42BC733-6683-4E88-BF16-2A6426CABE16}.Debug|Any CPU.ActiveCfg = Debug|Any CPU
		{B42BC733-6683-4E88-BF16-2A6426CABE16}.Debug|Any CPU.Build.0 = Debug|Any CPU
		{B42BC733-6683-4E88-BF16-2A6426CABE16}.Release|Any CPU.ActiveCfg = Release|Any CPU
		{B42BC733-6683-4E88-BF16-2A6426CABE16}.Release|Any CPU.Build.0 = Release|Any CPU
		{53290C44-A740-4767-9B63-19C92A723C52}.Debug|Any CPU.ActiveCfg = Debug|Any CPU
		{53290C44-A740-4767-9B63-19C92A723C52}.Debug|Any CPU.Build.0 = Debug|Any CPU
		{53290C44-A740-4767-9B63-19C92A723C52}.Release|Any CPU.ActiveCfg = Release|Any CPU
		{53290C44-A740-4767-9B63-19C92A723C52}.Release|Any CPU.Build.0 = Release|Any CPU
	EndGlobalSection
	GlobalSection(SolutionProperties) = preSolution
		HideSolutionNode = FALSE
	EndGlobalSection
	GlobalSection(NestedProjects) = preSolution
		{ECF46B01-03CF-454F-8E37-5A8D4F2618DF} = {681ACAC8-85BD-4539-82AE-73D54ECA3385}
		{B42BC733-6683-4E88-BF16-2A6426CABE16} = {ECF46B01-03CF-454F-8E37-5A8D4F2618DF}
	EndGlobalSection
	GlobalSection(ExtensibilityGlobals) = postSolution
		SolutionGuid = {A2C88138-4A46-4E07-825B-3252532343FB}
	EndGlobalSection
EndGlobal
